// !$*UTF8*$!
{
	archiveVersion = 1;
	classes = {
	};
	objectVersion = 46;
	objects = {

/* Begin PBXBuildFile section */
		527C68B71C49CD350016CA6B /* AppDelegate.swift in Sources */ = {isa = PBXBuildFile; fileRef = 527C68B61C49CD350016CA6B /* AppDelegate.swift */; };
		527C68B91C49CD350016CA6B /* GameScene.sks in Resources */ = {isa = PBXBuildFile; fileRef = 527C68B81C49CD350016CA6B /* GameScene.sks */; };
		527C68BB1C49CD350016CA6B /* GameScene.swift in Sources */ = {isa = PBXBuildFile; fileRef = 527C68BA1C49CD350016CA6B /* GameScene.swift */; };
		527C68BD1C49CD350016CA6B /* GameViewController.swift in Sources */ = {isa = PBXBuildFile; fileRef = 527C68BC1C49CD350016CA6B /* GameViewController.swift */; };
		527C68C01C49CD350016CA6B /* Main.storyboard in Resources */ = {isa = PBXBuildFile; fileRef = 527C68BE1C49CD350016CA6B /* Main.storyboard */; };
		527C68C21C49CD350016CA6B /* Assets.xcassets in Resources */ = {isa = PBXBuildFile; fileRef = 527C68C11C49CD350016CA6B /* Assets.xcassets */; };
		527C68C51C49CD350016CA6B /* LaunchScreen.storyboard in Resources */ = {isa = PBXBuildFile; fileRef = 527C68C31C49CD350016CA6B /* LaunchScreen.storyboard */; };
		527C68D01C49CD350016CA6B /* Flappy_BoognishTests.swift in Sources */ = {isa = PBXBuildFile; fileRef = 527C68CF1C49CD350016CA6B /* Flappy_BoognishTests.swift */; };
		527C68DB1C49CD350016CA6B /* Flappy_BoognishUITests.swift in Sources */ = {isa = PBXBuildFile; fileRef = 527C68DA1C49CD350016CA6B /* Flappy_BoognishUITests.swift */; };
		527C68EB1C49CD5B0016CA6B /* PipeUp.png in Resources */ = {isa = PBXBuildFile; fileRef = 527C68E91C49CD5B0016CA6B /* PipeUp.png */; };
		527C68ED1C49CD630016CA6B /* ground.png in Resources */ = {isa = PBXBuildFile; fileRef = 527C68EC1C49CD630016CA6B /* ground.png */; };
		527C68F31C49DA640016CA6B /* background.png in Resources */ = {isa = PBXBuildFile; fileRef = 527C68F21C49DA640016CA6B /* background.png */; };
		527C68F51C49DFB50016CA6B /* bgmusic.mp3 in Resources */ = {isa = PBXBuildFile; fileRef = 527C68F41C49DFB50016CA6B /* bgmusic.mp3 */; };
		527C68F71C4A0DCA0016CA6B /* wall1.png in Resources */ = {isa = PBXBuildFile; fileRef = 527C68F61C4A0DCA0016CA6B /* wall1.png */; };
		527C68F91C4A15210016CA6B /* wall2.png in Resources */ = {isa = PBXBuildFile; fileRef = 527C68F81C4A15210016CA6B /* wall2.png */; };
		527C68FB1C4AE2170016CA6B /* guava.png in Resources */ = {isa = PBXBuildFile; fileRef = 527C68FA1C4AE2170016CA6B /* guava.png */; };
		527C68FD1C4B78F30016CA6B /* boog.png in Resources */ = {isa = PBXBuildFile; fileRef = 527C68FC1C4B78F30016CA6B /* boog.png */; };
		527C69071C4C82AE0016CA6B /* restart.png in Resources */ = {isa = PBXBuildFile; fileRef = 527C69061C4C82AE0016CA6B /* restart.png */; };
		52D02D801C50767800596A46 /* stallion.png in Resources */ = {isa = PBXBuildFile; fileRef = 52D02D7F1C50767800596A46 /* stallion.png */; };
		52D02D821C5084BB00596A46 /* PipeDown.png in Resources */ = {isa = PBXBuildFile; fileRef = 52D02D811C5084BB00596A46 /* PipeDown.png */; };
		52D02D8B1C51705200596A46 /* weasel.png in Resources */ = {isa = PBXBuildFile; fileRef = 52D02D8A1C51705200596A46 /* weasel.png */; };
		52EBB5B61C5203B000D6C203 /* pepper.png in Resources */ = {isa = PBXBuildFile; fileRef = 52EBB5B51C5203B000D6C203 /* pepper.png */; };
/* End PBXBuildFile section */

/* Begin PBXContainerItemProxy section */
		527C68CC1C49CD350016CA6B /* PBXContainerItemProxy */ = {
			isa = PBXContainerItemProxy;
			containerPortal = 527C68AB1C49CD350016CA6B /* Project object */;
			proxyType = 1;
			remoteGlobalIDString = 527C68B21C49CD350016CA6B;
			remoteInfo = "Flappy Boognish";
		};
		527C68D71C49CD350016CA6B /* PBXContainerItemProxy */ = {
			isa = PBXContainerItemProxy;
			containerPortal = 527C68AB1C49CD350016CA6B /* Project object */;
			proxyType = 1;
			remoteGlobalIDString = 527C68B21C49CD350016CA6B;
			remoteInfo = "Flappy Boognish";
		};
/* End PBXContainerItemProxy section */

/* Begin PBXFileReference section */
		527C68B31C49CD350016CA6B /* Flappy Boognish.app */ = {isa = PBXFileReference; explicitFileType = wrapper.application; includeInIndex = 0; path = "Flappy Boognish.app"; sourceTree = BUILT_PRODUCTS_DIR; };
		527C68B61C49CD350016CA6B /* AppDelegate.swift */ = {isa = PBXFileReference; lastKnownFileType = sourcecode.swift; path = AppDelegate.swift; sourceTree = "<group>"; };
		527C68B81C49CD350016CA6B /* GameScene.sks */ = {isa = PBXFileReference; lastKnownFileType = file.sks; path = GameScene.sks; sourceTree = "<group>"; };
		527C68BA1C49CD350016CA6B /* GameScene.swift */ = {isa = PBXFileReference; lastKnownFileType = sourcecode.swift; path = GameScene.swift; sourceTree = "<group>"; };
		527C68BC1C49CD350016CA6B /* GameViewController.swift */ = {isa = PBXFileReference; lastKnownFileType = sourcecode.swift; path = GameViewController.swift; sourceTree = "<group>"; };
		527C68BF1C49CD350016CA6B /* Base */ = {isa = PBXFileReference; lastKnownFileType = file.storyboard; name = Base; path = Base.lproj/Main.storyboard; sourceTree = "<group>"; };
		527C68C11C49CD350016CA6B /* Assets.xcassets */ = {isa = PBXFileReference; lastKnownFileType = folder.assetcatalog; path = Assets.xcassets; sourceTree = "<group>"; };
		527C68C41C49CD350016CA6B /* Base */ = {isa = PBXFileReference; lastKnownFileType = file.storyboard; name = Base; path = Base.lproj/LaunchScreen.storyboard; sourceTree = "<group>"; };
		527C68C61C49CD350016CA6B /* Info.plist */ = {isa = PBXFileReference; lastKnownFileType = text.plist.xml; path = Info.plist; sourceTree = "<group>"; };
		527C68CB1C49CD350016CA6B /* Flappy BoognishTests.xctest */ = {isa = PBXFileReference; explicitFileType = wrapper.cfbundle; includeInIndex = 0; path = "Flappy BoognishTests.xctest"; sourceTree = BUILT_PRODUCTS_DIR; };
		527C68CF1C49CD350016CA6B /* Flappy_BoognishTests.swift */ = {isa = PBXFileReference; lastKnownFileType = sourcecode.swift; path = Flappy_BoognishTests.swift; sourceTree = "<group>"; };
		527C68D11C49CD350016CA6B /* Info.plist */ = {isa = PBXFileReference; lastKnownFileType = text.plist.xml; path = Info.plist; sourceTree = "<group>"; };
		527C68D61C49CD350016CA6B /* Flappy BoognishUITests.xctest */ = {isa = PBXFileReference; explicitFileType = wrapper.cfbundle; includeInIndex = 0; path = "Flappy BoognishUITests.xctest"; sourceTree = BUILT_PRODUCTS_DIR; };
		527C68DA1C49CD350016CA6B /* Flappy_BoognishUITests.swift */ = {isa = PBXFileReference; lastKnownFileType = sourcecode.swift; path = Flappy_BoognishUITests.swift; sourceTree = "<group>"; };
		527C68DC1C49CD350016CA6B /* Info.plist */ = {isa = PBXFileReference; lastKnownFileType = text.plist.xml; path = Info.plist; sourceTree = "<group>"; };
		527C68E91C49CD5B0016CA6B /* PipeUp.png */ = {isa = PBXFileReference; lastKnownFileType = image.png; path = PipeUp.png; sourceTree = "<group>"; };
		527C68EC1C49CD630016CA6B /* ground.png */ = {isa = PBXFileReference; lastKnownFileType = image.png; path = ground.png; sourceTree = "<group>"; };
		527C68F21C49DA640016CA6B /* background.png */ = {isa = PBXFileReference; lastKnownFileType = image.png; path = background.png; sourceTree = "<group>"; };
		527C68F41C49DFB50016CA6B /* bgmusic.mp3 */ = {isa = PBXFileReference; lastKnownFileType = audio.mp3; path = bgmusic.mp3; sourceTree = "<group>"; };
		527C68F61C4A0DCA0016CA6B /* wall1.png */ = {isa = PBXFileReference; lastKnownFileType = image.png; path = wall1.png; sourceTree = "<group>"; };
		527C68F81C4A15210016CA6B /* wall2.png */ = {isa = PBXFileReference; lastKnownFileType = image.png; path = wall2.png; sourceTree = "<group>"; };
		527C68FA1C4AE2170016CA6B /* guava.png */ = {isa = PBXFileReference; lastKnownFileType = image.png; path = guava.png; sourceTree = "<group>"; };
		527C68FC1C4B78F30016CA6B /* boog.png */ = {isa = PBXFileReference; lastKnownFileType = image.png; path = boog.png; sourceTree = "<group>"; };
		527C69061C4C82AE0016CA6B /* restart.png */ = {isa = PBXFileReference; lastKnownFileType = image.png; path = restart.png; sourceTree = "<group>"; };
		52D02D7F1C50767800596A46 /* stallion.png */ = {isa = PBXFileReference; lastKnownFileType = image.png; path = stallion.png; sourceTree = "<group>"; };
		52D02D811C5084BB00596A46 /* PipeDown.png */ = {isa = PBXFileReference; lastKnownFileType = image.png; path = PipeDown.png; sourceTree = "<group>"; };
		52D02D8A1C51705200596A46 /* weasel.png */ = {isa = PBXFileReference; lastKnownFileType = image.png; path = weasel.png; sourceTree = "<group>"; };
		52EBB5B51C5203B000D6C203 /* pepper.png */ = {isa = PBXFileReference; lastKnownFileType = image.png; path = pepper.png; sourceTree = "<group>"; };
/* End PBXFileReference section */

/* Begin PBXFrameworksBuildPhase section */
		527C68B01C49CD350016CA6B /* Frameworks */ = {
			isa = PBXFrameworksBuildPhase;
			buildActionMask = 2147483647;
			files = (
			);
			runOnlyForDeploymentPostprocessing = 0;
		};
		527C68C81C49CD350016CA6B /* Frameworks */ = {
			isa = PBXFrameworksBuildPhase;
			buildActionMask = 2147483647;
			files = (
			);
			runOnlyForDeploymentPostprocessing = 0;
		};
		527C68D31C49CD350016CA6B /* Frameworks */ = {
			isa = PBXFrameworksBuildPhase;
			buildActionMask = 2147483647;
			files = (
			);
			runOnlyForDeploymentPostprocessing = 0;
		};
/* End PBXFrameworksBuildPhase section */

/* Begin PBXGroup section */
		527C68AA1C49CD350016CA6B = {
			isa = PBXGroup;
			children = (
				527C68B51C49CD350016CA6B /* Flappy Boognish */,
				527C68CE1C49CD350016CA6B /* Flappy BoognishTests */,
				527C68D91C49CD350016CA6B /* Flappy BoognishUITests */,
				527C68B41C49CD350016CA6B /* Products */,
			);
			sourceTree = "<group>";
		};
		527C68B41C49CD350016CA6B /* Products */ = {
			isa = PBXGroup;
			children = (
				527C68B31C49CD350016CA6B /* Flappy Boognish.app */,
				527C68CB1C49CD350016CA6B /* Flappy BoognishTests.xctest */,
				527C68D61C49CD350016CA6B /* Flappy BoognishUITests.xctest */,
			);
			name = Products;
			sourceTree = "<group>";
		};
		527C68B51C49CD350016CA6B /* Flappy Boognish */ = {
			isa = PBXGroup;
			children = (
				527C68B61C49CD350016CA6B /* AppDelegate.swift */,
				527C68B81C49CD350016CA6B /* GameScene.sks */,
				527C68BA1C49CD350016CA6B /* GameScene.swift */,
				527C68BC1C49CD350016CA6B /* GameViewController.swift */,
				527C68BE1C49CD350016CA6B /* Main.storyboard */,
				527C68C11C49CD350016CA6B /* Assets.xcassets */,
				527C68FC1C4B78F30016CA6B /* boog.png */,
				527C68F41C49DFB50016CA6B /* bgmusic.mp3 */,
				527C68EC1C49CD630016CA6B /* ground.png */,
				527C68F61C4A0DCA0016CA6B /* wall1.png */,
				52D02D7F1C50767800596A46 /* stallion.png */,
				527C68FA1C4AE2170016CA6B /* guava.png */,
				52D02D8A1C51705200596A46 /* weasel.png */,
				52EBB5B51C5203B000D6C203 /* pepper.png */,
				527C69061C4C82AE0016CA6B /* restart.png */,
				527C68F21C49DA640016CA6B /* background.png */,
				527C68F81C4A15210016CA6B /* wall2.png */,
				52D02D811C5084BB00596A46 /* PipeDown.png */,
				527C68E91C49CD5B0016CA6B /* PipeUp.png */,
				527C68C31C49CD350016CA6B /* LaunchScreen.storyboard */,
				527C68C61C49CD350016CA6B /* Info.plist */,
			);
			path = "Flappy Boognish";
			sourceTree = "<group>";
		};
		527C68CE1C49CD350016CA6B /* Flappy BoognishTests */ = {
			isa = PBXGroup;
			children = (
				527C68CF1C49CD350016CA6B /* Flappy_BoognishTests.swift */,
				527C68D11C49CD350016CA6B /* Info.plist */,
			);
			path = "Flappy BoognishTests";
			sourceTree = "<group>";
		};
		527C68D91C49CD350016CA6B /* Flappy BoognishUITests */ = {
			isa = PBXGroup;
			children = (
				527C68DA1C49CD350016CA6B /* Flappy_BoognishUITests.swift */,
				527C68DC1C49CD350016CA6B /* Info.plist */,
			);
			path = "Flappy BoognishUITests";
			sourceTree = "<group>";
		};
/* End PBXGroup section */

/* Begin PBXNativeTarget section */
		527C68B21C49CD350016CA6B /* Flappy Boognish */ = {
			isa = PBXNativeTarget;
			buildConfigurationList = 527C68DF1C49CD350016CA6B /* Build configuration list for PBXNativeTarget "Flappy Boognish" */;
			buildPhases = (
				527C68AF1C49CD350016CA6B /* Sources */,
				527C68B01C49CD350016CA6B /* Frameworks */,
				527C68B11C49CD350016CA6B /* Resources */,
			);
			buildRules = (
			);
			dependencies = (
			);
			name = "Flappy Boognish";
			productName = "Flappy Boognish";
			productReference = 527C68B31C49CD350016CA6B /* Flappy Boognish.app */;
			productType = "com.apple.product-type.application";
		};
		527C68CA1C49CD350016CA6B /* Flappy BoognishTests */ = {
			isa = PBXNativeTarget;
			buildConfigurationList = 527C68E21C49CD350016CA6B /* Build configuration list for PBXNativeTarget "Flappy BoognishTests" */;
			buildPhases = (
				527C68C71C49CD350016CA6B /* Sources */,
				527C68C81C49CD350016CA6B /* Frameworks */,
				527C68C91C49CD350016CA6B /* Resources */,
			);
			buildRules = (
			);
			dependencies = (
				527C68CD1C49CD350016CA6B /* PBXTargetDependency */,
			);
			name = "Flappy BoognishTests";
			productName = "Flappy BoognishTests";
			productReference = 527C68CB1C49CD350016CA6B /* Flappy BoognishTests.xctest */;
			productType = "com.apple.product-type.bundle.unit-test";
		};
		527C68D51C49CD350016CA6B /* Flappy BoognishUITests */ = {
			isa = PBXNativeTarget;
			buildConfigurationList = 527C68E51C49CD350016CA6B /* Build configuration list for PBXNativeTarget "Flappy BoognishUITests" */;
			buildPhases = (
				527C68D21C49CD350016CA6B /* Sources */,
				527C68D31C49CD350016CA6B /* Frameworks */,
				527C68D41C49CD350016CA6B /* Resources */,
			);
			buildRules = (
			);
			dependencies = (
				527C68D81C49CD350016CA6B /* PBXTargetDependency */,
			);
			name = "Flappy BoognishUITests";
			productName = "Flappy BoognishUITests";
			productReference = 527C68D61C49CD350016CA6B /* Flappy BoognishUITests.xctest */;
			productType = "com.apple.product-type.bundle.ui-testing";
		};
/* End PBXNativeTarget section */

/* Begin PBXProject section */
		527C68AB1C49CD350016CA6B /* Project object */ = {
			isa = PBXProject;
			attributes = {
				LastSwiftUpdateCheck = 0720;
				LastUpgradeCheck = 0720;
				ORGANIZATIONNAME = blackhat;
				TargetAttributes = {
					527C68B21C49CD350016CA6B = {
						CreatedOnToolsVersion = 7.2;
						DevelopmentTeam = AW92SY9JFE;
					};
					527C68CA1C49CD350016CA6B = {
						CreatedOnToolsVersion = 7.2;
						TestTargetID = 527C68B21C49CD350016CA6B;
					};
					527C68D51C49CD350016CA6B = {
						CreatedOnToolsVersion = 7.2;
						TestTargetID = 527C68B21C49CD350016CA6B;
					};
				};
			};
			buildConfigurationList = 527C68AE1C49CD350016CA6B /* Build configuration list for PBXProject "Flappy Boognish" */;
			compatibilityVersion = "Xcode 3.2";
			developmentRegion = English;
			hasScannedForEncodings = 0;
			knownRegions = (
				en,
				Base,
			);
			mainGroup = 527C68AA1C49CD350016CA6B;
			productRefGroup = 527C68B41C49CD350016CA6B /* Products */;
			projectDirPath = "";
			projectRoot = "";
			targets = (
				527C68B21C49CD350016CA6B /* Flappy Boognish */,
				527C68CA1C49CD350016CA6B /* Flappy BoognishTests */,
				527C68D51C49CD350016CA6B /* Flappy BoognishUITests */,
			);
		};
/* End PBXProject section */

/* Begin PBXResourcesBuildPhase section */
		527C68B11C49CD350016CA6B /* Resources */ = {
			isa = PBXResourcesBuildPhase;
			buildActionMask = 2147483647;
			files = (
				527C68B91C49CD350016CA6B /* GameScene.sks in Resources */,
				527C68EB1C49CD5B0016CA6B /* PipeUp.png in Resources */,
				527C68F91C4A15210016CA6B /* wall2.png in Resources */,
				527C68F71C4A0DCA0016CA6B /* wall1.png in Resources */,
				527C68ED1C49CD630016CA6B /* ground.png in Resources */,
				527C68C51C49CD350016CA6B /* LaunchScreen.storyboard in Resources */,
				527C68F51C49DFB50016CA6B /* bgmusic.mp3 in Resources */,
				527C68FD1C4B78F30016CA6B /* boog.png in Resources */,
				527C68C21C49CD350016CA6B /* Assets.xcassets in Resources */,
				527C68F31C49DA640016CA6B /* background.png in Resources */,
				52D02D801C50767800596A46 /* stallion.png in Resources */,
				52EBB5B61C5203B000D6C203 /* pepper.png in Resources */,
				527C69071C4C82AE0016CA6B /* restart.png in Resources */,
				527C68C01C49CD350016CA6B /* Main.storyboard in Resources */,
				52D02D821C5084BB00596A46 /* PipeDown.png in Resources */,
				52D02D8B1C51705200596A46 /* weasel.png in Resources */,
				527C68FB1C4AE2170016CA6B /* guava.png in Resources */,
			);
			runOnlyForDeploymentPostprocessing = 0;
		};
		527C68C91C49CD350016CA6B /* Resources */ = {
			isa = PBXResourcesBuildPhase;
			buildActionMask = 2147483647;
			files = (
			);
			runOnlyForDeploymentPostprocessing = 0;
		};
		527C68D41C49CD350016CA6B /* Resources */ = {
			isa = PBXResourcesBuildPhase;
			buildActionMask = 2147483647;
			files = (
			);
			runOnlyForDeploymentPostprocessing = 0;
		};
/* End PBXResourcesBuildPhase section */

/* Begin PBXSourcesBuildPhase section */
		527C68AF1C49CD350016CA6B /* Sources */ = {
			isa = PBXSourcesBuildPhase;
			buildActionMask = 2147483647;
			files = (
				527C68BB1C49CD350016CA6B /* GameScene.swift in Sources */,
				527C68BD1C49CD350016CA6B /* GameViewController.swift in Sources */,
				527C68B71C49CD350016CA6B /* AppDelegate.swift in Sources */,
			);
			runOnlyForDeploymentPostprocessing = 0;
		};
		527C68C71C49CD350016CA6B /* Sources */ = {
			isa = PBXSourcesBuildPhase;
			buildActionMask = 2147483647;
			files = (
				527C68D01C49CD350016CA6B /* Flappy_BoognishTests.swift in Sources */,
			);
			runOnlyForDeploymentPostprocessing = 0;
		};
		527C68D21C49CD350016CA6B /* Sources */ = {
			isa = PBXSourcesBuildPhase;
			buildActionMask = 2147483647;
			files = (
				527C68DB1C49CD350016CA6B /* Flappy_BoognishUITests.swift in Sources */,
			);
			runOnlyForDeploymentPostprocessing = 0;
		};
/* End PBXSourcesBuildPhase section */

/* Begin PBXTargetDependency section */
		527C68CD1C49CD350016CA6B /* PBXTargetDependency */ = {
			isa = PBXTargetDependency;
			target = 527C68B21C49CD350016CA6B /* Flappy Boognish */;
			targetProxy = 527C68CC1C49CD350016CA6B /* PBXContainerItemProxy */;
		};
		527C68D81C49CD350016CA6B /* PBXTargetDependency */ = {
			isa = PBXTargetDependency;
			target = 527C68B21C49CD350016CA6B /* Flappy Boognish */;
			targetProxy = 527C68D71C49CD350016CA6B /* PBXContainerItemProxy */;
		};
/* End PBXTargetDependency section */

/* Begin PBXVariantGroup section */
		527C68BE1C49CD350016CA6B /* Main.storyboard */ = {
			isa = PBXVariantGroup;
			children = (
				527C68BF1C49CD350016CA6B /* Base */,
			);
			name = Main.storyboard;
			sourceTree = "<group>";
		};
		527C68C31C49CD350016CA6B /* LaunchScreen.storyboard */ = {
			isa = PBXVariantGroup;
			children = (
				527C68C41C49CD350016CA6B /* Base */,
			);
			name = LaunchScreen.storyboard;
			sourceTree = "<group>";
		};
/* End PBXVariantGroup section */

/* Begin XCBuildConfiguration section */
		527C68DD1C49CD350016CA6B /* Debug */ = {
			isa = XCBuildConfiguration;
			buildSettings = {
				ALWAYS_SEARCH_USER_PATHS = NO;
				CLANG_CXX_LANGUAGE_STANDARD = "gnu++0x";
				CLANG_CXX_LIBRARY = "libc++";
				CLANG_ENABLE_MODULES = YES;
				CLANG_ENABLE_OBJC_ARC = YES;
				CLANG_WARN_BOOL_CONVERSION = YES;
				CLANG_WARN_CONSTANT_CONVERSION = YES;
				CLANG_WARN_DIRECT_OBJC_ISA_USAGE = YES_ERROR;
				CLANG_WARN_EMPTY_BODY = YES;
				CLANG_WARN_ENUM_CONVERSION = YES;
				CLANG_WARN_INT_CONVERSION = YES;
				CLANG_WARN_OBJC_ROOT_CLASS = YES_ERROR;
				CLANG_WARN_UNREACHABLE_CODE = YES;
				CLANG_WARN__DUPLICATE_METHOD_MATCH = YES;
				"CODE_SIGN_IDENTITY[sdk=iphoneos*]" = "iPhone Developer";
				COPY_PHASE_STRIP = NO;
				DEBUG_INFORMATION_FORMAT = "dwarf-with-dsym";
				ENABLE_STRICT_OBJC_MSGSEND = YES;
				ENABLE_TESTABILITY = YES;
				GCC_C_LANGUAGE_STANDARD = gnu99;
				GCC_DYNAMIC_NO_PIC = NO;
				GCC_NO_COMMON_BLOCKS = YES;
				GCC_OPTIMIZATION_LEVEL = 0;
				GCC_PREPROCESSOR_DEFINITIONS = (
					"DEBUG=1",
					"$(inherited)",
				);
				GCC_WARN_64_TO_32_BIT_CONVERSION = YES;
				GCC_WARN_ABOUT_RETURN_TYPE = YES_ERROR;
				GCC_WARN_UNDECLARED_SELECTOR = YES;
				GCC_WARN_UNINITIALIZED_AUTOS = YES_AGGRESSIVE;
				GCC_WARN_UNUSED_FUNCTION = YES;
				GCC_WARN_UNUSED_VARIABLE = YES;
				IPHONEOS_DEPLOYMENT_TARGET = 9.2;
				MTL_ENABLE_DEBUG_INFO = YES;
				ONLY_ACTIVE_ARCH = YES;
				SDKROOT = iphoneos;
				SWIFT_OPTIMIZATION_LEVEL = "-Onone";
			};
			name = Debug;
		};
		527C68DE1C49CD350016CA6B /* Release */ = {
			isa = XCBuildConfiguration;
			buildSettings = {
				ALWAYS_SEARCH_USER_PATHS = NO;
				CLANG_CXX_LANGUAGE_STANDARD = "gnu++0x";
				CLANG_CXX_LIBRARY = "libc++";
				CLANG_ENABLE_MODULES = YES;
				CLANG_ENABLE_OBJC_ARC = YES;
				CLANG_WARN_BOOL_CONVERSION = YES;
				CLANG_WARN_CONSTANT_CONVERSION = YES;
				CLANG_WARN_DIRECT_OBJC_ISA_USAGE = YES_ERROR;
				CLANG_WARN_EMPTY_BODY = YES;
				CLANG_WARN_ENUM_CONVERSION = YES;
				CLANG_WARN_INT_CONVERSION = YES;
				CLANG_WARN_OBJC_ROOT_CLASS = YES_ERROR;
				CLANG_WARN_UNREACHABLE_CODE = YES;
				CLANG_WARN__DUPLICATE_METHOD_MATCH = YES;
				"CODE_SIGN_IDENTITY[sdk=iphoneos*]" = "iPhone Developer";
				COPY_PHASE_STRIP = NO;
				DEBUG_INFORMATION_FORMAT = "dwarf-with-dsym";
				ENABLE_NS_ASSERTIONS = NO;
				ENABLE_STRICT_OBJC_MSGSEND = YES;
				GCC_C_LANGUAGE_STANDARD = gnu99;
				GCC_NO_COMMON_BLOCKS = YES;
				GCC_WARN_64_TO_32_BIT_CONVERSION = YES;
				GCC_WARN_ABOUT_RETURN_TYPE = YES_ERROR;
				GCC_WARN_UNDECLARED_SELECTOR = YES;
				GCC_WARN_UNINITIALIZED_AUTOS = YES_AGGRESSIVE;
				GCC_WARN_UNUSED_FUNCTION = YES;
				GCC_WARN_UNUSED_VARIABLE = YES;
				IPHONEOS_DEPLOYMENT_TARGET = 9.2;
				MTL_ENABLE_DEBUG_INFO = NO;
				SDKROOT = iphoneos;
				VALIDATE_PRODUCT = YES;
			};
			name = Release;
		};
		527C68E01C49CD350016CA6B /* Debug */ = {
			isa = XCBuildConfiguration;
			buildSettings = {
				ASSETCATALOG_COMPILER_APPICON_NAME = AppIcon;
				CODE_SIGN_IDENTITY = "iPhone Developer";
				"CODE_SIGN_IDENTITY[sdk=iphoneos*]" = "iPhone Developer";
				INFOPLIST_FILE = "Flappy Boognish/Info.plist";
				LD_RUNPATH_SEARCH_PATHS = "$(inherited) @executable_path/Frameworks";
				PRODUCT_BUNDLE_IDENTIFIER = "blackhat.io.Flappy-Boognish";
				PRODUCT_NAME = "$(TARGET_NAME)";
				PROVISIONING_PROFILE = "";
			};
			name = Debug;
		};
		527C68E11C49CD350016CA6B /* Release */ = {
			isa = XCBuildConfiguration;
			buildSettings = {
				ASSETCATALOG_COMPILER_APPICON_NAME = AppIcon;
				CODE_SIGN_IDENTITY = "iPhone Developer";
				"CODE_SIGN_IDENTITY[sdk=iphoneos*]" = "iPhone Developer";
				INFOPLIST_FILE = "Flappy Boognish/Info.plist";
				LD_RUNPATH_SEARCH_PATHS = "$(inherited) @executable_path/Frameworks";
				PRODUCT_BUNDLE_IDENTIFIER = "blackhat.io.Flappy-Boognish";
				PRODUCT_NAME = "$(TARGET_NAME)";
				PROVISIONING_PROFILE = "";
			};
			name = Release;
		};
		527C68E31C49CD350016CA6B /* Debug */ = {
			isa = XCBuildConfiguration;
			buildSettings = {
				BUNDLE_LOADER = "$(TEST_HOST)";
				DEBUG_INFORMATION_FORMAT = dwarf;
				INFOPLIST_FILE = "Flappy BoognishTests/Info.plist";
				LD_RUNPATH_SEARCH_PATHS = "$(inherited) @executable_path/Frameworks @loader_path/Frameworks";
				PRODUCT_BUNDLE_IDENTIFIER = "blackhat.io.Flappy-BoognishTests";
				PRODUCT_NAME = "$(TARGET_NAME)";
				TEST_HOST = "$(BUILT_PRODUCTS_DIR)/Flappy Boognish.app/Flappy Boognish";
			};
			name = Debug;
		};
		527C68E41C49CD350016CA6B /* Release */ = {
			isa = XCBuildConfiguration;
			buildSettings = {
				BUNDLE_LOADER = "$(TEST_HOST)";
				INFOPLIST_FILE = "Flappy BoognishTests/Info.plist";
				LD_RUNPATH_SEARCH_PATHS = "$(inherited) @executable_path/Frameworks @loader_path/Frameworks";
				PRODUCT_BUNDLE_IDENTIFIER = "blackhat.io.Flappy-BoognishTests";
				PRODUCT_NAME = "$(TARGET_NAME)";
				TEST_HOST = "$(BUILT_PRODUCTS_DIR)/Flappy Boognish.app/Flappy Boognish";
			};
			name = Release;
		};
		527C68E61C49CD350016CA6B /* Debug */ = {
			isa = XCBuildConfiguration;
			buildSettings = {
				DEBUG_INFORMATION_FORMAT = dwarf;
				INFOPLIST_FILE = "Flappy BoognishUITests/Info.plist";
				LD_RUNPATH_SEARCH_PATHS = "$(inherited) @executable_path/Frameworks @loader_path/Frameworks";
				PRODUCT_BUNDLE_IDENTIFIER = "blackhat.io.Flappy-BoognishUITests";
				PRODUCT_NAME = "$(TARGET_NAME)";
				TEST_TARGET_NAME = "Flappy Boognish";
				USES_XCTRUNNER = YES;
			};
			name = Debug;
		};
		527C68E71C49CD350016CA6B /* Release */ = {
			isa = XCBuildConfiguration;
			buildSettings = {
				INFOPLIST_FILE = "Flappy BoognishUITests/Info.plist";
				LD_RUNPATH_SEARCH_PATHS = "$(inherited) @executable_path/Frameworks @loader_path/Frameworks";
				PRODUCT_BUNDLE_IDENTIFIER = "blackhat.io.Flappy-BoognishUITests";
				PRODUCT_NAME = "$(TARGET_NAME)";
				TEST_TARGET_NAME = "Flappy Boognish";
				USES_XCTRUNNER = YES;
			};
			name = Release;
		};
/* End XCBuildConfiguration section */

/* Begin XCConfigurationList section */
		527C68AE1C49CD350016CA6B /* Build configuration list for PBXProject "Flappy Boognish" */ = {
			isa = XCConfigurationList;
			buildConfigurations = (
				527C68DD1C49CD350016CA6B /* Debug */,
				527C68DE1C49CD350016CA6B /* Release */,
			);
			defaultConfigurationIsVisible = 0;
			defaultConfigurationName = Release;
		};
		527C68DF1C49CD350016CA6B /* Build configuration list for PBXNativeTarget "Flappy Boognish" */ = {
			isa = XCConfigurationList;
			buildConfigurations = (
				527C68E01C49CD350016CA6B /* Debug */,
				527C68E11C49CD350016CA6B /* Release */,
			);
			defaultConfigurationIsVisible = 0;
			defaultConfigurationName = Release;
		};
		527C68E21C49CD350016CA6B /* Build configuration list for PBXNativeTarget "Flappy BoognishTests" */ = {
			isa = XCConfigurationList;
			buildConfigurations = (
				527C68E31C49CD350016CA6B /* Debug */,
				527C68E41C49CD350016CA6B /* Release */,
			);
			defaultConfigurationIsVisible = 0;
			defaultConfigurationName = Release;
		};
		527C68E51C49CD350016CA6B /* Build configuration list for PBXNativeTarget "Flappy BoognishUITests" */ = {
			isa = XCConfigurationList;
			buildConfigurations = (
				527C68E61C49CD350016CA6B /* Debug */,
				527C68E71C49CD350016CA6B /* Release */,
			);
			defaultConfigurationIsVisible = 0;
			defaultConfigurationName = Release;
		};
/* End XCConfigurationList section */
	};
	rootObject = 527C68AB1C49CD350016CA6B /* Project object */;
}
